// !$*UTF8*$!
{
	archiveVersion = 1;
	classes = {
	};
	objectVersion = 77;
	objects = {

/* Begin PBXContainerItemProxy section */
		14C8BAEE2EAFA6A300176778 /* PBXContainerItemProxy */ = {
			isa = PBXContainerItemProxy;
			containerPortal = 14C8BACF2EAFA6A100176778 /* Project object */;
			proxyType = 1;
			remoteGlobalIDString = 14C8BAD62EAFA6A100176778;
			remoteInfo = Select;
		};
		14C8BAF82EAFA6A300176778 /* PBXContainerItemProxy */ = {
			isa = PBXContainerItemProxy;
			containerPortal = 14C8BACF2EAFA6A100176778 /* Project object */;
			proxyType = 1;
			remoteGlobalIDString = 14C8BAD62EAFA6A100176778;
			remoteInfo = Select;
		};
/* End PBXContainerItemProxy section */

/* Begin PBXFileReference section */
		14C8BAD72EAFA6A100176778 /* Select.app */ = {isa = PBXFileReference; explicitFileType = wrapper.application; includeInIndex = 0; path = Select.app; sourceTree = BUILT_PRODUCTS_DIR; };
		14C8BAED2EAFA6A300176778 /* SelectTests.xctest */ = {isa = PBXFileReference; explicitFileType = wrapper.cfbundle; includeInIndex = 0; path = SelectTests.xctest; sourceTree = BUILT_PRODUCTS_DIR; };
		14C8BAF72EAFA6A300176778 /* SelectUITests.xctest */ = {isa = PBXFileReference; explicitFileType = wrapper.cfbundle; includeInIndex = 0; path = SelectUITests.xctest; sourceTree = BUILT_PRODUCTS_DIR; };
/* End PBXFileReference section */

/* Begin PBXFileSystemSynchronizedBuildFileExceptionSet section */
		14C8BAFF2EAFA6A300176778 /* Exceptions for "Select" folder in "Select" target */ = {
			isa = PBXFileSystemSynchronizedBuildFileExceptionSet;
			membershipExceptions = (
				Info.plist,
			);
			target = 14C8BAD62EAFA6A100176778 /* Select */;
		};
/* End PBXFileSystemSynchronizedBuildFileExceptionSet section */

/* Begin PBXFileSystemSynchronizedRootGroup section */
		14C8BAD92EAFA6A100176778 /* Select */ = {
			isa = PBXFileSystemSynchronizedRootGroup;
			exceptions = (
				14C8BAFF2EAFA6A300176778 /* Exceptions for "Select" folder in "Select" target */,
			);
			path = Select;
			sourceTree = "<group>";
		};
		14C8BAF02EAFA6A300176778 /* SelectTests */ = {
			isa = PBXFileSystemSynchronizedRootGroup;
			path = SelectTests;
			sourceTree = "<group>";
		};
		14C8BAFA2EAFA6A300176778 /* SelectUITests */ = {
			isa = PBXFileSystemSynchronizedRootGroup;
			path = SelectUITests;
			sourceTree = "<group>";
		};
/* End PBXFileSystemSynchronizedRootGroup section */

/* Begin PBXFrameworksBuildPhase section */
		14C8BAD42EAFA6A100176778 /* Frameworks */ = {
			isa = PBXFrameworksBuildPhase;
			buildActionMask = 2147483647;
			files = (
			);
			runOnlyForDeploymentPostprocessing = 0;
		};
		14C8BAEA2EAFA6A300176778 /* Frameworks */ = {
			isa = PBXFrameworksBuildPhase;
			buildActionMask = 2147483647;
			files = (
			);
			runOnlyForDeploymentPostprocessing = 0;
		};
		14C8BAF42EAFA6A300176778 /* Frameworks */ = {
			isa = PBXFrameworksBuildPhase;
			buildActionMask = 2147483647;
			files = (
			);
			runOnlyForDeploymentPostprocessing = 0;
		};
/* End PBXFrameworksBuildPhase section */

/* Begin PBXGroup section */
		14C8BACE2EAFA6A100176778 = {
			isa = PBXGroup;
			children = (
				14C8BAD92EAFA6A100176778 /* Select */,
				14C8BAF02EAFA6A300176778 /* SelectTests */,
				14C8BAFA2EAFA6A300176778 /* SelectUITests */,
				14C8BAD82EAFA6A100176778 /* Products */,
			);
			sourceTree = "<group>";
		};
		14C8BAD82EAFA6A100176778 /* Products */ = {
			isa = PBXGroup;
			children = (
				14C8BAD72EAFA6A100176778 /* Select.app */,
				14C8BAED2EAFA6A300176778 /* SelectTests.xctest */,
				14C8BAF72EAFA6A300176778 /* SelectUITests.xctest */,
			);
			name = Products;
			sourceTree = "<group>";
		};
/* End PBXGroup section */

/* Begin PBXNativeTarget section */
		14C8BAD62EAFA6A100176778 /* Select */ = {
			isa = PBXNativeTarget;
			buildConfigurationList = 14C8BB002EAFA6A300176778 /* Build configuration list for PBXNativeTarget "Select" */;
			buildPhases = (
				14C8BAD32EAFA6A100176778 /* Sources */,
				14C8BAD42EAFA6A100176778 /* Frameworks */,
				14C8BAD52EAFA6A100176778 /* Resources */,
			);
			buildRules = (
			);
			dependencies = (
			);
			fileSystemSynchronizedGroups = (
				14C8BAD92EAFA6A100176778 /* Select */,
			);
			name = Select;
			packageProductDependencies = (
			);
			productName = Select;
			productReference = 14C8BAD72EAFA6A100176778 /* Select.app */;
			productType = "com.apple.product-type.application";
		};
		14C8BAEC2EAFA6A300176778 /* SelectTests */ = {
			isa = PBXNativeTarget;
			buildConfigurationList = 14C8BB052EAFA6A300176778 /* Build configuration list for PBXNativeTarget "SelectTests" */;
			buildPhases = (
				14C8BAE92EAFA6A300176778 /* Sources */,
				14C8BAEA2EAFA6A300176778 /* Frameworks */,
				14C8BAEB2EAFA6A300176778 /* Resources */,
			);
			buildRules = (
			);
			dependencies = (
				14C8BAEF2EAFA6A300176778 /* PBXTargetDependency */,
			);
			fileSystemSynchronizedGroups = (
				14C8BAF02EAFA6A300176778 /* SelectTests */,
			);
			name = SelectTests;
			packageProductDependencies = (
			);
			productName = SelectTests;
			productReference = 14C8BAED2EAFA6A300176778 /* SelectTests.xctest */;
			productType = "com.apple.product-type.bundle.unit-test";
		};
		14C8BAF62EAFA6A300176778 /* SelectUITests */ = {
			isa = PBXNativeTarget;
			buildConfigurationList = 14C8BB082EAFA6A300176778 /* Build configuration list for PBXNativeTarget "SelectUITests" */;
			buildPhases = (
				14C8BAF32EAFA6A300176778 /* Sources */,
				14C8BAF42EAFA6A300176778 /* Frameworks */,
				14C8BAF52EAFA6A300176778 /* Resources */,
			);
			buildRules = (
			);
			dependencies = (
				14C8BAF92EAFA6A300176778 /* PBXTargetDependency */,
			);
			fileSystemSynchronizedGroups = (
				14C8BAFA2EAFA6A300176778 /* SelectUITests */,
			);
			name = SelectUITests;
			packageProductDependencies = (
			);
			productName = SelectUITests;
			productReference = 14C8BAF72EAFA6A300176778 /* SelectUITests.xctest */;
			productType = "com.apple.product-type.bundle.ui-testing";
		};
/* End PBXNativeTarget section */

/* Begin PBXProject section */
		14C8BACF2EAFA6A100176778 /* Project object */ = {
			isa = PBXProject;
			attributes = {
				BuildIndependentTargetsInParallel = 1;
				LastSwiftUpdateCheck = 1640;
				LastUpgradeCheck = 1640;
				TargetAttributes = {
					14C8BAD62EAFA6A100176778 = {
						CreatedOnToolsVersion = 16.4;
					};
					14C8BAEC2EAFA6A300176778 = {
						CreatedOnToolsVersion = 16.4;
						TestTargetID = 14C8BAD62EAFA6A100176778;
					};
					14C8BAF62EAFA6A300176778 = {
						CreatedOnToolsVersion = 16.4;
						TestTargetID = 14C8BAD62EAFA6A100176778;
					};
				};
			};
			buildConfigurationList = 14C8BAD22EAFA6A100176778 /* Build configuration list for PBXProject "Select" */;
			developmentRegion = en;
			hasScannedForEncodings = 0;
			knownRegions = (
				en,
				Base,
			);
			mainGroup = 14C8BACE2EAFA6A100176778;
			minimizedProjectReferenceProxies = 1;
			preferredProjectObjectVersion = 77;
			productRefGroup = 14C8BAD82EAFA6A100176778 /* Products */;
			projectDirPath = "";
			projectRoot = "";
			targets = (
				14C8BAD62EAFA6A100176778 /* Select */,
				14C8BAEC2EAFA6A300176778 /* SelectTests */,
				14C8BAF62EAFA6A300176778 /* SelectUITests */,
			);
		};
/* End PBXProject section */

/* Begin PBXResourcesBuildPhase section */
		14C8BAD52EAFA6A100176778 /* Resources */ = {
			isa = PBXResourcesBuildPhase;
			buildActionMask = 2147483647;
			files = (
			);
			runOnlyForDeploymentPostprocessing = 0;
		};
		14C8BAEB2EAFA6A300176778 /* Resources */ = {
			isa = PBXResourcesBuildPhase;
			buildActionMask = 2147483647;
			files = (
			);
			runOnlyForDeploymentPostprocessing = 0;
		};
		14C8BAF52EAFA6A300176778 /* Resources */ = {
			isa = PBXResourcesBuildPhase;
			buildActionMask = 2147483647;
			files = (
			);
			runOnlyForDeploymentPostprocessing = 0;
		};
/* End PBXResourcesBuildPhase section */

/* Begin PBXSourcesBuildPhase section */
		14C8BAD32EAFA6A100176778 /* Sources */ = {
			isa = PBXSourcesBuildPhase;
			buildActionMask = 2147483647;
			files = (
			);
			runOnlyForDeploymentPostprocessing = 0;
		};
		14C8BAE92EAFA6A300176778 /* Sources */ = {
			isa = PBXSourcesBuildPhase;
			buildActionMask = 2147483647;
			files = (
			);
			runOnlyForDeploymentPostprocessing = 0;
		};
		14C8BAF32EAFA6A300176778 /* Sources */ = {
			isa = PBXSourcesBuildPhase;
			buildActionMask = 2147483647;
			files = (
			);
			runOnlyForDeploymentPostprocessing = 0;
		};
/* End PBXSourcesBuildPhase section */

/* Begin PBXTargetDependency section */
		14C8BAEF2EAFA6A300176778 /* PBXTargetDependency */ = {
			isa = PBXTargetDependency;
			target = 14C8BAD62EAFA6A100176778 /* Select */;
			targetProxy = 14C8BAEE2EAFA6A300176778 /* PBXContainerItemProxy */;
		};
		14C8BAF92EAFA6A300176778 /* PBXTargetDependency */ = {
			isa = PBXTargetDependency;
			target = 14C8BAD62EAFA6A100176778 /* Select */;
			targetProxy = 14C8BAF82EAFA6A300176778 /* PBXContainerItemProxy */;
		};
/* End PBXTargetDependency section */

/* Begin XCBuildConfiguration section */
		14C8BB012EAFA6A300176778 /* Debug */ = {
			isa = XCBuildConfiguration;
			buildSettings = {
				ASSETCATALOG_COMPILER_APPICON_NAME = AppIcon;
				ASSETCATALOG_COMPILER_GLOBAL_ACCENT_COLOR_NAME = AccentColor;
				CODE_SIGN_STYLE = Automatic;
				CURRENT_PROJECT_VERSION = 1;
				DEVELOPMENT_TEAM = 3TDYZKURKP;
				GENERATE_INFOPLIST_FILE = YES;
				INFOPLIST_FILE = Select/Info.plist;
				INFOPLIST_KEY_UIApplicationSupportsIndirectInputEvents = YES;
				INFOPLIST_KEY_UILaunchStoryboardName = LaunchScreen;
				INFOPLIST_KEY_UIMainStoryboardFile = Main;
				INFOPLIST_KEY_UISupportedInterfaceOrientations_iPad = "UIInterfaceOrientationPortrait UIInterfaceOrientationPortraitUpsideDown UIInterfaceOrientationLandscapeLeft UIInterfaceOrientationLandscapeRight";
				INFOPLIST_KEY_UISupportedInterfaceOrientations_iPhone = "UIInterfaceOrientationPortrait UIInterfaceOrientationLandscapeLeft UIInterfaceOrientationLandscapeRight";
				IPHONEOS_DEPLOYMENT_TARGET = 16;
				LD_RUNPATH_SEARCH_PATHS = (
					"$(inherited)",
					"@executable_path/Frameworks",
				);
				MARKETING_VERSION = 1.0;
				PRODUCT_BUNDLE_IDENTIFIER = bugra.Select;
				PRODUCT_NAME = "$(TARGET_NAME)";
				SWIFT_EMIT_LOC_STRINGS = YES;
				SWIFT_VERSION = 5.0;
				TARGETED_DEVICE_FAMILY = "1,2";
			};
			name = Debug;
		};
		14C8BB022EAFA6A300176778 /* Release */ = {
			isa = XCBuildConfiguration;
			buildSettings = {
				ASSETCATALOG_COMPILER_APPICON_NAME = AppIcon;
				ASSETCATALOG_COMPILER_GLOBAL_ACCENT_COLOR_NAME = AccentColor;
				CODE_SIGN_STYLE = Automatic;
				CURRENT_PROJECT_VERSION = 1;
				DEVELOPMENT_TEAM = 3TDYZKURKP;
				GENERATE_INFOPLIST_FILE = YES;
				INFOPLIST_FILE = Select/Info.plist;
				INFOPLIST_KEY_UIApplicationSupportsIndirectInputEvents = YES;
				INFOPLIST_KEY_UILaunchStoryboardName = LaunchScreen;
				INFOPLIST_KEY_UIMainStoryboardFile = Main;
				INFOPLIST_KEY_UISupportedInterfaceOrientations_iPad = "UIInterfaceOrientationPortrait UIInterfaceOrientationPortraitUpsideDown UIInterfaceOrientationLandscapeLeft UIInterfaceOrientationLandscapeRight";
				INFOPLIST_KEY_UISupportedInterfaceOrientations_iPhone = "UIInterfaceOrientationPortrait UIInterfaceOrientationLandscapeLeft UIInterfaceOrientationLandscapeRight";
				IPHONEOS_DEPLOYMENT_TARGET = 16;
				LD_RUNPATH_SEARCH_PATHS = (
					"$(inherited)",
					"@executable_path/Frameworks",
				);
				MARKETING_VERSION = 1.0;
				PRODUCT_BUNDLE_IDENTIFIER = bugra.Select;
				PRODUCT_NAME = "$(TARGET_NAME)";
				SWIFT_EMIT_LOC_STRINGS = YES;
				SWIFT_VERSION = 5.0;
				TARGETED_DEVICE_FAMILY = "1,2";
			};
			name = Release;
		};
		14C8BB032EAFA6A300176778 /* Debug */ = {
			isa = XCBuildConfiguration;
			buildSettings = {
				ALWAYS_SEARCH_USER_PATHS = NO;
				ASSETCATALOG_COMPILER_GENERATE_SWIFT_ASSET_SYMBOL_EXTENSIONS = YES;
				CLANG_ANALYZER_NONNULL = YES;
				CLANG_ANALYZER_NUMBER_OBJECT_CONVERSION = YES_AGGRESSIVE;
				CLANG_CXX_LANGUAGE_STANDARD = "gnu++20";
				CLANG_ENABLE_MODULES = YES;
				CLANG_ENABLE_OBJC_ARC = YES;
				CLANG_ENABLE_OBJC_WEAK = YES;
				CLANG_WARN_BLOCK_CAPTURE_AUTORELEASING = YES;
				CLANG_WARN_BOOL_CONVERSION = YES;
				CLANG_WARN_COMMA = YES;
				CLANG_WARN_CONSTANT_CONVERSION = YES;
				CLANG_WARN_DEPRECATED_OBJC_IMPLEMENTATIONS = YES;
				CLANG_WARN_DIRECT_OBJC_ISA_USAGE = YES_ERROR;
				CLANG_WARN_DOCUMENTATION_COMMENTS = YES;
				CLANG_WARN_EMPTY_BODY = YES;
				CLANG_WARN_ENUM_CONVERSION = YES;
				CLANG_WARN_INFINITE_RECURSION = YES;
				CLANG_WARN_INT_CONVERSION = YES;
				CLANG_WARN_NON_LITERAL_NULL_CONVERSION = YES;
				CLANG_WARN_OBJC_IMPLICIT_RETAIN_SELF = YES;
				CLANG_WARN_OBJC_LITERAL_CONVERSION = YES;
				CLANG_WARN_OBJC_ROOT_CLASS = YES_ERROR;
				CLANG_WARN_QUOTED_INCLUDE_IN_FRAMEWORK_HEADER = YES;
				CLANG_WARN_RANGE_LOOP_ANALYSIS = YES;
				CLANG_WARN_STRICT_PROTOTYPES = YES;
				CLANG_WARN_SUSPICIOUS_MOVE = YES;
				CLANG_WARN_UNGUARDED_AVAILABILITY = YES_AGGRESSIVE;
				CLANG_WARN_UNREACHABLE_CODE = YES;
				CLANG_WARN__DUPLICATE_METHOD_MATCH = YES;
				COPY_PHASE_STRIP = NO;
				DEBUG_INFORMATION_FORMAT = dwarf;
				DEVELOPMENT_TEAM = 3TDYZKURKP;
				ENABLE_STRICT_OBJC_MSGSEND = YES;
				ENABLE_TESTABILITY = YES;
				ENABLE_USER_SCRIPT_SANDBOXING = YES;
				GCC_C_LANGUAGE_STANDARD = gnu17;
				GCC_DYNAMIC_NO_PIC = NO;
				GCC_NO_COMMON_BLOCKS = YES;
				GCC_OPTIMIZATION_LEVEL = 0;
				GCC_PREPROCESSOR_DEFINITIONS = (
					"DEBUG=1",
					"$(inherited)",
				);
				GCC_WARN_64_TO_32_BIT_CONVERSION = YES;
				GCC_WARN_ABOUT_RETURN_TYPE = YES_ERROR;
				GCC_WARN_UNDECLARED_SELECTOR = YES;
				GCC_WARN_UNINITIALIZED_AUTOS = YES_AGGRESSIVE;
				GCC_WARN_UNUSED_FUNCTION = YES;
				GCC_WARN_UNUSED_VARIABLE = YES;
				IPHONEOS_DEPLOYMENT_TARGET = 18.5;
				LOCALIZATION_PREFERS_STRING_CATALOGS = YES;
				MTL_ENABLE_DEBUG_INFO = INCLUDE_SOURCE;
				MTL_FAST_MATH = YES;
				ONLY_ACTIVE_ARCH = YES;
				SDKROOT = iphoneos;
				SWIFT_ACTIVE_COMPILATION_CONDITIONS = "DEBUG $(inherited)";
				SWIFT_OPTIMIZATION_LEVEL = "-Onone";
			};
			name = Debug;
		};
		14C8BB042EAFA6A300176778 /* Release */ = {
			isa = XCBuildConfiguration;
			buildSettings = {
				ALWAYS_SEARCH_USER_PATHS = NO;
				ASSETCATALOG_COMPILER_GENERATE_SWIFT_ASSET_SYMBOL_EXTENSIONS = YES;
				CLANG_ANALYZER_NONNULL = YES;
				CLANG_ANALYZER_NUMBER_OBJECT_CONVERSION = YES_AGGRESSIVE;
				CLANG_CXX_LANGUAGE_STANDARD = "gnu++20";
				CLANG_ENABLE_MODULES = YES;
				CLANG_ENABLE_OBJC_ARC = YES;
				CLANG_ENABLE_OBJC_WEAK = YES;
				CLANG_WARN_BLOCK_CAPTURE_AUTORELEASING = YES;
				CLANG_WARN_BOOL_CONVERSION = YES;
				CLANG_WARN_COMMA = YES;
				CLANG_WARN_CONSTANT_CONVERSION = YES;
				CLANG_WARN_DEPRECATED_OBJC_IMPLEMENTATIONS = YES;
				CLANG_WARN_DIRECT_OBJC_ISA_USAGE = YES_ERROR;
				CLANG_WARN_DOCUMENTATION_COMMENTS = YES;
				CLANG_WARN_EMPTY_BODY = YES;
				CLANG_WARN_ENUM_CONVERSION = YES;
				CLANG_WARN_INFINITE_RECURSION = YES;
				CLANG_WARN_INT_CONVERSION = YES;
				CLANG_WARN_NON_LITERAL_NULL_CONVERSION = YES;
				CLANG_WARN_OBJC_IMPLICIT_RETAIN_SELF = YES;
				CLANG_WARN_OBJC_LITERAL_CONVERSION = YES;
				CLANG_WARN_OBJC_ROOT_CLASS = YES_ERROR;
				CLANG_WARN_QUOTED_INCLUDE_IN_FRAMEWORK_HEADER = YES;
				CLANG_WARN_RANGE_LOOP_ANALYSIS = YES;
				CLANG_WARN_STRICT_PROTOTYPES = YES;
				CLANG_WARN_SUSPICIOUS_MOVE = YES;
				CLANG_WARN_UNGUARDED_AVAILABILITY = YES_AGGRESSIVE;
				CLANG_WARN_UNREACHABLE_CODE = YES;
				CLANG_WARN__DUPLICATE_METHOD_MATCH = YES;
				COPY_PHASE_STRIP = NO;
				DEBUG_INFORMATION_FORMAT = "dwarf-with-dsym";
				DEVELOPMENT_TEAM = 3TDYZKURKP;
				ENABLE_NS_ASSERTIONS = NO;
				ENABLE_STRICT_OBJC_MSGSEND = YES;
				ENABLE_USER_SCRIPT_SANDBOXING = YES;
				GCC_C_LANGUAGE_STANDARD = gnu17;
				GCC_NO_COMMON_BLOCKS = YES;
				GCC_WARN_64_TO_32_BIT_CONVERSION = YES;
				GCC_WARN_ABOUT_RETURN_TYPE = YES_ERROR;
				GCC_WARN_UNDECLARED_SELECTOR = YES;
				GCC_WARN_UNINITIALIZED_AUTOS = YES_AGGRESSIVE;
				GCC_WARN_UNUSED_FUNCTION = YES;
				GCC_WARN_UNUSED_VARIABLE = YES;
				IPHONEOS_DEPLOYMENT_TARGET = 18.5;
				LOCALIZATION_PREFERS_STRING_CATALOGS = YES;
				MTL_ENABLE_DEBUG_INFO = NO;
				MTL_FAST_MATH = YES;
				SDKROOT = iphoneos;
				SWIFT_COMPILATION_MODE = wholemodule;
				VALIDATE_PRODUCT = YES;
			};
			name = Release;
		};
		14C8BB062EAFA6A300176778 /* Debug */ = {
			isa = XCBuildConfiguration;
			buildSettings = {
				BUNDLE_LOADER = "$(TEST_HOST)";
				CODE_SIGN_STYLE = Automatic;
				CURRENT_PROJECT_VERSION = 1;
				DEVELOPMENT_TEAM = 3TDYZKURKP;
				GENERATE_INFOPLIST_FILE = YES;
				IPHONEOS_DEPLOYMENT_TARGET = 18.5;
				MARKETING_VERSION = 1.0;
				PRODUCT_BUNDLE_IDENTIFIER = bugra.SelectTests;
				PRODUCT_NAME = "$(TARGET_NAME)";
				SWIFT_EMIT_LOC_STRINGS = NO;
				SWIFT_VERSION = 5.0;
				TARGETED_DEVICE_FAMILY = "1,2";
				TEST_HOST = "$(BUILT_PRODUCTS_DIR)/Select.app/$(BUNDLE_EXECUTABLE_FOLDER_PATH)/Select";
			};
			name = Debug;
		};
		14C8BB072EAFA6A300176778 /* Release */ = {
			isa = XCBuildConfiguration;
			buildSettings = {
				BUNDLE_LOADER = "$(TEST_HOST)";
				CODE_SIGN_STYLE = Automatic;
				CURRENT_PROJECT_VERSION = 1;
				DEVELOPMENT_TEAM = 3TDYZKURKP;
				GENERATE_INFOPLIST_FILE = YES;
				IPHONEOS_DEPLOYMENT_TARGET = 18.5;
				MARKETING_VERSION = 1.0;
				PRODUCT_BUNDLE_IDENTIFIER = bugra.SelectTests;
				PRODUCT_NAME = "$(TARGET_NAME)";
				SWIFT_EMIT_LOC_STRINGS = NO;
				SWIFT_VERSION = 5.0;
				TARGETED_DEVICE_FAMILY = "1,2";
				TEST_HOST = "$(BUILT_PRODUCTS_DIR)/Select.app/$(BUNDLE_EXECUTABLE_FOLDER_PATH)/Select";
			};
			name = Release;
		};
		14C8BB092EAFA6A300176778 /* Debug */ = {
			isa = XCBuildConfiguration;
			buildSettings = {
				CODE_SIGN_STYLE = Automatic;
				CURRENT_PROJECT_VERSION = 1;
				DEVELOPMENT_TEAM = 3TDYZKURKP;
				GENERATE_INFOPLIST_FILE = YES;
				MARKETING_VERSION = 1.0;
				PRODUCT_BUNDLE_IDENTIFIER = bugra.SelectUITests;
				PRODUCT_NAME = "$(TARGET_NAME)";
				SWIFT_EMIT_LOC_STRINGS = NO;
				SWIFT_VERSION = 5.0;
				TARGETED_DEVICE_FAMILY = "1,2";
				TEST_TARGET_NAME = Select;
			};
			name = Debug;
		};
		14C8BB0A2EAFA6A300176778 /* Release */ = {
			isa = XCBuildConfiguration;
			buildSettings = {
				CODE_SIGN_STYLE = Automatic;
				CURRENT_PROJECT_VERSION = 1;
				DEVELOPMENT_TEAM = 3TDYZKURKP;
				GENERATE_INFOPLIST_FILE = YES;
				MARKETING_VERSION = 1.0;
				PRODUCT_BUNDLE_IDENTIFIER = bugra.SelectUITests;
				PRODUCT_NAME = "$(TARGET_NAME)";
				SWIFT_EMIT_LOC_STRINGS = NO;
				SWIFT_VERSION = 5.0;
				TARGETED_DEVICE_FAMILY = "1,2";
				TEST_TARGET_NAME = Select;
			};
			name = Release;
		};
/* End XCBuildConfiguration section */

/* Begin XCConfigurationList section */
		14C8BAD22EAFA6A100176778 /* Build configuration list for PBXProject "Select" */ = {
			isa = XCConfigurationList;
			buildConfigurations = (
				14C8BB032EAFA6A300176778 /* Debug */,
				14C8BB042EAFA6A300176778 /* Release */,
			);
			defaultConfigurationIsVisible = 0;
			defaultConfigurationName = Release;
		};
		14C8BB002EAFA6A300176778 /* Build configuration list for PBXNativeTarget "Select" */ = {
			isa = XCConfigurationList;
			buildConfigurations = (
				14C8BB012EAFA6A300176778 /* Debug */,
				14C8BB022EAFA6A300176778 /* Release */,
			);
			defaultConfigurationIsVisible = 0;
			defaultConfigurationName = Release;
		};
		14C8BB052EAFA6A300176778 /* Build configuration list for PBXNativeTarget "SelectTests" */ = {
			isa = XCConfigurationList;
			buildConfigurations = (
				14C8BB062EAFA6A300176778 /* Debug */,
				14C8BB072EAFA6A300176778 /* Release */,
			);
			defaultConfigurationIsVisible = 0;
			defaultConfigurationName = Release;
		};
		14C8BB082EAFA6A300176778 /* Build configuration list for PBXNativeTarget "SelectUITests" */ = {
			isa = XCConfigurationList;
			buildConfigurations = (
				14C8BB092EAFA6A300176778 /* Debug */,
				14C8BB0A2EAFA6A300176778 /* Release */,
			);
			defaultConfigurationIsVisible = 0;
			defaultConfigurationName = Release;
		};
/* End XCConfigurationList section */
	};
	rootObject = 14C8BACF2EAFA6A100176778 /* Project object */;
}
